
Microsoft Visual Studio Solution File, Format Version 12.00
# Visual Studio Version 17
VisualStudioVersion = 17.7.34202.233
MinimumVisualStudioVersion = 10.0.40219.1
Project("{9A19103F-16F7-4668-BE54-9A1E7A4F7556}") = "MiniShop.API", "MiniShop.API\MiniShop.API.csproj", "{36DA1AD0-E540-4209-BB17-46991264519D}"
EndProject
Project("{9A19103F-16F7-4668-BE54-9A1E7A4F7556}") = "MiniShop.Data", "MiniShop.Data\MiniShop.Data.csproj", "{EE6D6287-814A-476F-8B91-4BE8A27223CC}"
EndProject
Project("{9A19103F-16F7-4668-BE54-9A1E7A4F7556}") = "MiniShop.Business", "MiniShop.Business\MiniShop.Business.csproj", "{210D5785-69C9-411C-89F8-48E3DCCAFE92}"
EndProject
Project("{9A19103F-16F7-4668-BE54-9A1E7A4F7556}") = "MiniShop.Shared", "MiniShop.Shared\MiniShop.Shared.csproj", "{47A2569C-8C06-4854-8E99-54AD8C27F0BB}"
EndProject
Project("{FAE04EC0-301F-11D3-BF4B-00C04F79EFBC}") = "MiniShop.Entity", "MiniShop.Entity\MiniShop.Entity\MiniShop.Entity.csproj", "{9E1E4F65-94D6-48E5-94D6-597EC711E5AD}"
EndProject
Global
	GlobalSection(SolutionConfigurationPlatforms) = preSolution
		Debug|Any CPU = Debug|Any CPU
		Release|Any CPU = Release|Any CPU
	EndGlobalSection
	GlobalSection(ProjectConfigurationPlatforms) = postSolution
		{36DA1AD0-E540-4209-BB17-46991264519D}.Debug|Any CPU.ActiveCfg = Debug|Any CPU
		{36DA1AD0-E540-4209-BB17-46991264519D}.Debug|Any CPU.Build.0 = Debug|Any CPU
		{36DA1AD0-E540-4209-BB17-46991264519D}.Release|Any CPU.ActiveCfg = Release|Any CPU
		{36DA1AD0-E540-4209-BB17-46991264519D}.Release|Any CPU.Build.0 = Release|Any CPU
		{EE6D6287-814A-476F-8B91-4BE8A27223CC}.Debug|Any CPU.ActiveCfg = Debug|Any CPU
		{EE6D6287-814A-476F-8B91-4BE8A27223CC}.Debug|Any CPU.Build.0 = Debug|Any CPU
		{EE6D6287-814A-476F-8B91-4BE8A27223CC}.Release|Any CPU.ActiveCfg = Release|Any CPU
		{EE6D6287-814A-476F-8B91-4BE8A27223CC}.Release|Any CPU.Build.0 = Release|Any CPU
		{210D5785-69C9-411C-89F8-48E3DCCAFE92}.Debug|Any CPU.ActiveCfg = Debug|Any CPU
		{210D5785-69C9-411C-89F8-48E3DCCAFE92}.Debug|Any CPU.Build.0 = Debug|Any CPU
		{210D5785-69C9-411C-89F8-48E3DCCAFE92}.Release|Any CPU.ActiveCfg = Release|Any CPU
		{210D5785-69C9-411C-89F8-48E3DCCAFE92}.Release|Any CPU.Build.0 = Release|Any CPU
		{47A2569C-8C06-4854-8E99-54AD8C27F0BB}.Debug|Any CPU.ActiveCfg = Debug|Any CPU
		{47A2569C-8C06-4854-8E99-54AD8C27F0BB}.Debug|Any CPU.Build.0 = Debug|Any CPU
		{47A2569C-8C06-4854-8E99-54AD8C27F0BB}.Release|Any CPU.ActiveCfg = Release|Any CPU
		{47A2569C-8C06-4854-8E99-54AD8C27F0BB}.Release|Any CPU.Build.0 = Release|Any CPU
		{9E1E4F65-94D6-48E5-94D6-597EC711E5AD}.Debug|Any CPU.ActiveCfg = Debug|Any CPU
		{9E1E4F65-94D6-48E5-94D6-597EC711E5AD}.Debug|Any CPU.Build.0 = Debug|Any CPU
		{9E1E4F65-94D6-48E5-94D6-597EC711E5AD}.Release|Any CPU.ActiveCfg = Release|Any CPU
		{9E1E4F65-94D6-48E5-94D6-597EC711E5AD}.Release|Any CPU.Build.0 = Release|Any CPU
	EndGlobalSection
	GlobalSection(SolutionProperties) = preSolution
		HideSolutionNode = FALSE
	EndGlobalSection
	GlobalSection(ExtensibilityGlobals) = postSolution
		SolutionGuid = {F2127D82-0554-4E48-83F0-B18109179EBD}
	EndGlobalSection
EndGlobal
