
Microsoft Visual Studio Solution File, Format Version 12.00
# Visual Studio Version 17
VisualStudioVersion = 17.7.34202.233
MinimumVisualStudioVersion = 10.0.40219.1
Project("{FAE04EC0-301F-11D3-BF4B-00C04F79EFBC}") = "P08-ErrorHandling", "P08-ErrorHandling.csproj", "{3A21FE27-E851-44F6-A409-879EBAFDB135}"
EndProject
Global
	GlobalSection(SolutionConfigurationPlatforms) = preSolution
		Debug|Any CPU = Debug|Any CPU
		Release|Any CPU = Release|Any CPU
	EndGlobalSection
	GlobalSection(ProjectConfigurationPlatforms) = postSolution
		{3A21FE27-E851-44F6-A409-879EBAFDB135}.Debug|Any CPU.ActiveCfg = Debug|Any CPU
		{3A21FE27-E851-44F6-A409-879EBAFDB135}.Debug|Any CPU.Build.0 = Debug|Any CPU
		{3A21FE27-E851-44F6-A409-879EBAFDB135}.Release|Any CPU.ActiveCfg = Release|Any CPU
		{3A21FE27-E851-44F6-A409-879EBAFDB135}.Release|Any CPU.Build.0 = Release|Any CPU
	EndGlobalSection
	GlobalSection(SolutionProperties) = preSolution
		HideSolutionNode = FALSE
	EndGlobalSection
	GlobalSection(ExtensibilityGlobals) = postSolution
		SolutionGuid = {EA2C660B-18ED-44B9-B99D-CE3FC026A7B1}
	EndGlobalSection
EndGlobal
