
Microsoft Visual Studio Solution File, Format Version 12.00
# Visual Studio Version 17
VisualStudioVersion = 17.7.34202.233
MinimumVisualStudioVersion = 10.0.40219.1
Project("{FAE04EC0-301F-11D3-BF4B-00C04F79EFBC}") = "AjaxIntro", "AjaxIntro.csproj", "{12A4F972-6AAF-4CB7-86DF-58CA3159E220}"
EndProject
Global
	GlobalSection(SolutionConfigurationPlatforms) = preSolution
		Debug|Any CPU = Debug|Any CPU
		Release|Any CPU = Release|Any CPU
	EndGlobalSection
	GlobalSection(ProjectConfigurationPlatforms) = postSolution
		{12A4F972-6AAF-4CB7-86DF-58CA3159E220}.Debug|Any CPU.ActiveCfg = Debug|Any CPU
		{12A4F972-6AAF-4CB7-86DF-58CA3159E220}.Debug|Any CPU.Build.0 = Debug|Any CPU
		{12A4F972-6AAF-4CB7-86DF-58CA3159E220}.Release|Any CPU.ActiveCfg = Release|Any CPU
		{12A4F972-6AAF-4CB7-86DF-58CA3159E220}.Release|Any CPU.Build.0 = Release|Any CPU
	EndGlobalSection
	GlobalSection(SolutionProperties) = preSolution
		HideSolutionNode = FALSE
	EndGlobalSection
	GlobalSection(ExtensibilityGlobals) = postSolution
		SolutionGuid = {D7506CC7-E1D9-4817-BA97-7754F03C4F22}
	EndGlobalSection
EndGlobal
