
Microsoft Visual Studio Solution File, Format Version 12.00
# Visual Studio Version 17
VisualStudioVersion = 17.7.34202.233
MinimumVisualStudioVersion = 10.0.40219.1
Project("{FAE04EC0-301F-11D3-BF4B-00C04F79EFBC}") = "P10-For", "P10-For.csproj", "{5765430D-EF62-40C1-BC85-1015C69CD128}"
EndProject
Global
	GlobalSection(SolutionConfigurationPlatforms) = preSolution
		Debug|Any CPU = Debug|Any CPU
		Release|Any CPU = Release|Any CPU
	EndGlobalSection
	GlobalSection(ProjectConfigurationPlatforms) = postSolution
		{5765430D-EF62-40C1-BC85-1015C69CD128}.Debug|Any CPU.ActiveCfg = Debug|Any CPU
		{5765430D-EF62-40C1-BC85-1015C69CD128}.Debug|Any CPU.Build.0 = Debug|Any CPU
		{5765430D-EF62-40C1-BC85-1015C69CD128}.Release|Any CPU.ActiveCfg = Release|Any CPU
		{5765430D-EF62-40C1-BC85-1015C69CD128}.Release|Any CPU.Build.0 = Release|Any CPU
	EndGlobalSection
	GlobalSection(SolutionProperties) = preSolution
		HideSolutionNode = FALSE
	EndGlobalSection
	GlobalSection(ExtensibilityGlobals) = postSolution
		SolutionGuid = {A464BD6C-DF5E-4FE7-8892-AA375952B6E3}
	EndGlobalSection
EndGlobal
