
Microsoft Visual Studio Solution File, Format Version 12.00
# Visual Studio Version 17
VisualStudioVersion = 17.7.34202.233
MinimumVisualStudioVersion = 10.0.40219.1
Project("{9A19103F-16F7-4668-BE54-9A1E7A4F7556}") = "MiniShop.MVC", "MiniShop.MVC.csproj", "{55D4590E-8E9B-4882-ACC6-AED47D1FA50E}"
EndProject
Global
	GlobalSection(SolutionConfigurationPlatforms) = preSolution
		Debug|Any CPU = Debug|Any CPU
		Release|Any CPU = Release|Any CPU
	EndGlobalSection
	GlobalSection(ProjectConfigurationPlatforms) = postSolution
		{55D4590E-8E9B-4882-ACC6-AED47D1FA50E}.Debug|Any CPU.ActiveCfg = Debug|Any CPU
		{55D4590E-8E9B-4882-ACC6-AED47D1FA50E}.Debug|Any CPU.Build.0 = Debug|Any CPU
		{55D4590E-8E9B-4882-ACC6-AED47D1FA50E}.Release|Any CPU.ActiveCfg = Release|Any CPU
		{55D4590E-8E9B-4882-ACC6-AED47D1FA50E}.Release|Any CPU.Build.0 = Release|Any CPU
	EndGlobalSection
	GlobalSection(SolutionProperties) = preSolution
		HideSolutionNode = FALSE
	EndGlobalSection
	GlobalSection(ExtensibilityGlobals) = postSolution
		SolutionGuid = {665277D0-9D65-4224-BF82-33BEE7218F29}
	EndGlobalSection
EndGlobal
