
Microsoft Visual Studio Solution File, Format Version 12.00
# Visual Studio Version 17
VisualStudioVersion = 17.7.34202.233
MinimumVisualStudioVersion = 10.0.40219.1
Project("{FAE04EC0-301F-11D3-BF4B-00C04F79EFBC}") = "P03-Types", "P03-Types.csproj", "{8395A6B0-4CE7-4948-8CEE-DF3393B27158}"
EndProject
Global
	GlobalSection(SolutionConfigurationPlatforms) = preSolution
		Debug|Any CPU = Debug|Any CPU
		Release|Any CPU = Release|Any CPU
	EndGlobalSection
	GlobalSection(ProjectConfigurationPlatforms) = postSolution
		{8395A6B0-4CE7-4948-8CEE-DF3393B27158}.Debug|Any CPU.ActiveCfg = Debug|Any CPU
		{8395A6B0-4CE7-4948-8CEE-DF3393B27158}.Debug|Any CPU.Build.0 = Debug|Any CPU
		{8395A6B0-4CE7-4948-8CEE-DF3393B27158}.Release|Any CPU.ActiveCfg = Release|Any CPU
		{8395A6B0-4CE7-4948-8CEE-DF3393B27158}.Release|Any CPU.Build.0 = Release|Any CPU
	EndGlobalSection
	GlobalSection(SolutionProperties) = preSolution
		HideSolutionNode = FALSE
	EndGlobalSection
	GlobalSection(ExtensibilityGlobals) = postSolution
		SolutionGuid = {D722C1B5-CE90-4FBB-9574-4DA4FC0CD518}
	EndGlobalSection
EndGlobal
