
Microsoft Visual Studio Solution File, Format Version 12.00
# Visual Studio Version 17
VisualStudioVersion = 17.7.34202.233
MinimumVisualStudioVersion = 10.0.40219.1
Project("{FAE04EC0-301F-11D3-BF4B-00C04F79EFBC}") = "P01-OOP-Intro", "P01-OOP-Intro.csproj", "{F993E280-D46B-4E59-9BAD-CA3AF047FD3B}"
EndProject
Global
	GlobalSection(SolutionConfigurationPlatforms) = preSolution
		Debug|Any CPU = Debug|Any CPU
		Release|Any CPU = Release|Any CPU
	EndGlobalSection
	GlobalSection(ProjectConfigurationPlatforms) = postSolution
		{F993E280-D46B-4E59-9BAD-CA3AF047FD3B}.Debug|Any CPU.ActiveCfg = Debug|Any CPU
		{F993E280-D46B-4E59-9BAD-CA3AF047FD3B}.Debug|Any CPU.Build.0 = Debug|Any CPU
		{F993E280-D46B-4E59-9BAD-CA3AF047FD3B}.Release|Any CPU.ActiveCfg = Release|Any CPU
		{F993E280-D46B-4E59-9BAD-CA3AF047FD3B}.Release|Any CPU.Build.0 = Release|Any CPU
	EndGlobalSection
	GlobalSection(SolutionProperties) = preSolution
		HideSolutionNode = FALSE
	EndGlobalSection
	GlobalSection(ExtensibilityGlobals) = postSolution
		SolutionGuid = {89282465-2EE9-410E-B24A-924135E7A4BD}
	EndGlobalSection
EndGlobal
