
Microsoft Visual Studio Solution File, Format Version 12.00
# Visual Studio Version 17
VisualStudioVersion = 17.7.34202.233
MinimumVisualStudioVersion = 10.0.40219.1
Project("{FAE04EC0-301F-11D3-BF4B-00C04F79EFBC}") = "P11-While", "P11-While.csproj", "{8AC2B3A5-129E-46FA-BA52-47B556875B3D}"
EndProject
Global
	GlobalSection(SolutionConfigurationPlatforms) = preSolution
		Debug|Any CPU = Debug|Any CPU
		Release|Any CPU = Release|Any CPU
	EndGlobalSection
	GlobalSection(ProjectConfigurationPlatforms) = postSolution
		{8AC2B3A5-129E-46FA-BA52-47B556875B3D}.Debug|Any CPU.ActiveCfg = Debug|Any CPU
		{8AC2B3A5-129E-46FA-BA52-47B556875B3D}.Debug|Any CPU.Build.0 = Debug|Any CPU
		{8AC2B3A5-129E-46FA-BA52-47B556875B3D}.Release|Any CPU.ActiveCfg = Release|Any CPU
		{8AC2B3A5-129E-46FA-BA52-47B556875B3D}.Release|Any CPU.Build.0 = Release|Any CPU
	EndGlobalSection
	GlobalSection(SolutionProperties) = preSolution
		HideSolutionNode = FALSE
	EndGlobalSection
	GlobalSection(ExtensibilityGlobals) = postSolution
		SolutionGuid = {14B651BA-3DCA-4A92-98C5-3494415956C0}
	EndGlobalSection
EndGlobal
